// !$*UTF8*$!
{
	archiveVersion = 1;
	classes = {
	};
	objectVersion = 46;
	objects = {

/* Begin PBXBuildFile section */
		EF2DC3E91521E2860090B57E /* fifth.html in Resources */ = {isa = PBXBuildFile; fileRef = EF2DC3E81521E2860090B57E /* fifth.html */; };
		EF504404151EBC9F008A1BCD /* UIKit.framework in Frameworks */ = {isa = PBXBuildFile; fileRef = EF504403151EBC9F008A1BCD /* UIKit.framework */; };
		EF504406151EBC9F008A1BCD /* Foundation.framework in Frameworks */ = {isa = PBXBuildFile; fileRef = EF504405151EBC9F008A1BCD /* Foundation.framework */; };
		EF504408151EBC9F008A1BCD /* CoreGraphics.framework in Frameworks */ = {isa = PBXBuildFile; fileRef = EF504407151EBC9F008A1BCD /* CoreGraphics.framework */; };
		EF50440E151EBC9F008A1BCD /* InfoPlist.strings in Resources */ = {isa = PBXBuildFile; fileRef = EF50440C151EBC9F008A1BCD /* InfoPlist.strings */; };
		EF504410151EBCA0008A1BCD /* main.m in Sources */ = {isa = PBXBuildFile; fileRef = EF50440F151EBCA0008A1BCD /* main.m */; };
		EF504414151EBCA0008A1BCD /* AppDelegate.m in Sources */ = {isa = PBXBuildFile; fileRef = EF504413151EBCA0008A1BCD /* AppDelegate.m */; };
		EF504417151EBCA0008A1BCD /* MainStoryboard.storyboard in Resources */ = {isa = PBXBuildFile; fileRef = EF504415151EBCA0008A1BCD /* MainStoryboard.storyboard */; };
		EF50441A151EBCA0008A1BCD /* FirstViewController.m in Sources */ = {isa = PBXBuildFile; fileRef = EF504419151EBCA0008A1BCD /* FirstViewController.m */; };
		EF50441C151EBCA0008A1BCD /* first.png in Resources */ = {isa = PBXBuildFile; fileRef = EF50441B151EBCA0008A1BCD /* first.png */; };
		EF50441E151EBCA0008A1BCD /* first@2x.png in Resources */ = {isa = PBXBuildFile; fileRef = EF50441D151EBCA0008A1BCD /* first@2x.png */; };
		EF504421151EBCA0008A1BCD /* SecondViewController.m in Sources */ = {isa = PBXBuildFile; fileRef = EF504420151EBCA0008A1BCD /* SecondViewController.m */; };
		EF504423151EBCA0008A1BCD /* second.png in Resources */ = {isa = PBXBuildFile; fileRef = EF504422151EBCA0008A1BCD /* second.png */; };
		EF504425151EBCA0008A1BCD /* second@2x.png in Resources */ = {isa = PBXBuildFile; fileRef = EF504424151EBCA0008A1BCD /* second@2x.png */; };
		EFEE756F151ED07C0003CBF8 /* ThirdViewController.m in Sources */ = {isa = PBXBuildFile; fileRef = EFEE756E151ED07C0003CBF8 /* ThirdViewController.m */; };
		EFEE7573151ED09F0003CBF8 /* FourthViewController.m in Sources */ = {isa = PBXBuildFile; fileRef = EFEE7572151ED09F0003CBF8 /* FourthViewController.m */; };
		EFEE7576151ED0AF0003CBF8 /* FifthViewController.m in Sources */ = {isa = PBXBuildFile; fileRef = EFEE7575151ED0AF0003CBF8 /* FifthViewController.m */; };
		EFEE757C151ED69C0003CBF8 /* first.html in Resources */ = {isa = PBXBuildFile; fileRef = EFEE757B151ED69C0003CBF8 /* first.html */; };
		EFEE757E151ED7190003CBF8 /* second.html in Resources */ = {isa = PBXBuildFile; fileRef = EFEE757D151ED7190003CBF8 /* second.html */; };
		EFEE7580151ED7580003CBF8 /* third.html in Resources */ = {isa = PBXBuildFile; fileRef = EFEE757F151ED7580003CBF8 /* third.html */; };
/* End PBXBuildFile section */

/* Begin PBXFileReference section */
		EF2DC3E81521E2860090B57E /* fifth.html */ = {isa = PBXFileReference; fileEncoding = 4; lastKnownFileType = text.html; path = fifth.html; sourceTree = "<group>"; };
		EF5043FF151EBC9F008A1BCD /* musashino.app */ = {isa = PBXFileReference; explicitFileType = wrapper.application; includeInIndex = 0; path = musashino.app; sourceTree = BUILT_PRODUCTS_DIR; };
		EF504403151EBC9F008A1BCD /* UIKit.framework */ = {isa = PBXFileReference; lastKnownFileType = wrapper.framework; name = UIKit.framework; path = System/Library/Frameworks/UIKit.framework; sourceTree = SDKROOT; };
		EF504405151EBC9F008A1BCD /* Foundation.framework */ = {isa = PBXFileReference; lastKnownFileType = wrapper.framework; name = Foundation.framework; path = System/Library/Frameworks/Foundation.framework; sourceTree = SDKROOT; };
		EF504407151EBC9F008A1BCD /* CoreGraphics.framework */ = {isa = PBXFileReference; lastKnownFileType = wrapper.framework; name = CoreGraphics.framework; path = System/Library/Frameworks/CoreGraphics.framework; sourceTree = SDKROOT; };
		EF50440B151EBC9F008A1BCD /* musashino-Info.plist */ = {isa = PBXFileReference; lastKnownFileType = text.plist.xml; path = "musashino-Info.plist"; sourceTree = "<group>"; };
		EF50440D151EBC9F008A1BCD /* en */ = {isa = PBXFileReference; lastKnownFileType = text.plist.strings; name = en; path = en.lproj/InfoPlist.strings; sourceTree = "<group>"; };
		EF50440F151EBCA0008A1BCD /* main.m */ = {isa = PBXFileReference; lastKnownFileType = sourcecode.c.objc; path = main.m; sourceTree = "<group>"; };
		EF504411151EBCA0008A1BCD /* musashino-Prefix.pch */ = {isa = PBXFileReference; lastKnownFileType = sourcecode.c.h; path = "musashino-Prefix.pch"; sourceTree = "<group>"; };
		EF504412151EBCA0008A1BCD /* AppDelegate.h */ = {isa = PBXFileReference; lastKnownFileType = sourcecode.c.h; path = AppDelegate.h; sourceTree = "<group>"; };
		EF504413151EBCA0008A1BCD /* AppDelegate.m */ = {isa = PBXFileReference; lastKnownFileType = sourcecode.c.objc; path = AppDelegate.m; sourceTree = "<group>"; };
		EF504416151EBCA0008A1BCD /* en */ = {isa = PBXFileReference; lastKnownFileType = file.storyboard; name = en; path = en.lproj/MainStoryboard.storyboard; sourceTree = "<group>"; };
		EF504418151EBCA0008A1BCD /* FirstViewController.h */ = {isa = PBXFileReference; lastKnownFileType = sourcecode.c.h; path = FirstViewController.h; sourceTree = "<group>"; };
		EF504419151EBCA0008A1BCD /* FirstViewController.m */ = {isa = PBXFileReference; lastKnownFileType = sourcecode.c.objc; path = FirstViewController.m; sourceTree = "<group>"; };
		EF50441B151EBCA0008A1BCD /* first.png */ = {isa = PBXFileReference; lastKnownFileType = image.png; path = first.png; sourceTree = "<group>"; };
		EF50441D151EBCA0008A1BCD /* first@2x.png */ = {isa = PBXFileReference; lastKnownFileType = image.png; path = "first@2x.png"; sourceTree = "<group>"; };
		EF50441F151EBCA0008A1BCD /* SecondViewController.h */ = {isa = PBXFileReference; lastKnownFileType = sourcecode.c.h; path = SecondViewController.h; sourceTree = "<group>"; };
		EF504420151EBCA0008A1BCD /* SecondViewController.m */ = {isa = PBXFileReference; lastKnownFileType = sourcecode.c.objc; path = SecondViewController.m; sourceTree = "<group>"; };
		EF504422151EBCA0008A1BCD /* second.png */ = {isa = PBXFileReference; lastKnownFileType = image.png; path = second.png; sourceTree = "<group>"; };
		EF504424151EBCA0008A1BCD /* second@2x.png */ = {isa = PBXFileReference; lastKnownFileType = image.png; path = "second@2x.png"; sourceTree = "<group>"; };
		EFEE756D151ED07C0003CBF8 /* ThirdViewController.h */ = {isa = PBXFileReference; fileEncoding = 4; lastKnownFileType = sourcecode.c.h; path = ThirdViewController.h; sourceTree = "<group>"; };
		EFEE756E151ED07C0003CBF8 /* ThirdViewController.m */ = {isa = PBXFileReference; fileEncoding = 4; lastKnownFileType = sourcecode.c.objc; path = ThirdViewController.m; sourceTree = "<group>"; };
		EFEE7571151ED09F0003CBF8 /* FourthViewController.h */ = {isa = PBXFileReference; fileEncoding = 4; lastKnownFileType = sourcecode.c.h; path = FourthViewController.h; sourceTree = "<group>"; };
		EFEE7572151ED09F0003CBF8 /* FourthViewController.m */ = {isa = PBXFileReference; fileEncoding = 4; lastKnownFileType = sourcecode.c.objc; path = FourthViewController.m; sourceTree = "<group>"; };
		EFEE7574151ED0AF0003CBF8 /* FifthViewController.h */ = {isa = PBXFileReference; fileEncoding = 4; lastKnownFileType = sourcecode.c.h; path = FifthViewController.h; sourceTree = "<group>"; };
		EFEE7575151ED0AF0003CBF8 /* FifthViewController.m */ = {isa = PBXFileReference; fileEncoding = 4; lastKnownFileType = sourcecode.c.objc; path = FifthViewController.m; sourceTree = "<group>"; };
		EFEE757B151ED69C0003CBF8 /* first.html */ = {isa = PBXFileReference; fileEncoding = 4; lastKnownFileType = text.html; path = first.html; sourceTree = "<group>"; };
		EFEE757D151ED7190003CBF8 /* second.html */ = {isa = PBXFileReference; fileEncoding = 4; lastKnownFileType = text.html; path = second.html; sourceTree = "<group>"; };
		EFEE757F151ED7580003CBF8 /* third.html */ = {isa = PBXFileReference; fileEncoding = 4; lastKnownFileType = text.html; path = third.html; sourceTree = "<group>"; };
/* End PBXFileReference section */

/* Begin PBXFrameworksBuildPhase section */
		EF5043FC151EBC9F008A1BCD /* Frameworks */ = {
			isa = PBXFrameworksBuildPhase;
			buildActionMask = 2147483647;
			files = (
				EF504404151EBC9F008A1BCD /* UIKit.framework in Frameworks */,
				EF504406151EBC9F008A1BCD /* Foundation.framework in Frameworks */,
				EF504408151EBC9F008A1BCD /* CoreGraphics.framework in Frameworks */,
			);
			runOnlyForDeploymentPostprocessing = 0;
		};
/* End PBXFrameworksBuildPhase section */

/* Begin PBXGroup section */
		EF5043F4151EBC9F008A1BCD = {
			isa = PBXGroup;
			children = (
				EF504409151EBC9F008A1BCD /* musashino */,
				EF504402151EBC9F008A1BCD /* Frameworks */,
				EF504400151EBC9F008A1BCD /* Products */,
			);
			sourceTree = "<group>";
		};
		EF504400151EBC9F008A1BCD /* Products */ = {
			isa = PBXGroup;
			children = (
				EF5043FF151EBC9F008A1BCD /* musashino.app */,
			);
			name = Products;
			sourceTree = "<group>";
		};
		EF504402151EBC9F008A1BCD /* Frameworks */ = {
			isa = PBXGroup;
			children = (
				EF504403151EBC9F008A1BCD /* UIKit.framework */,
				EF504405151EBC9F008A1BCD /* Foundation.framework */,
				EF504407151EBC9F008A1BCD /* CoreGraphics.framework */,
			);
			name = Frameworks;
			sourceTree = "<group>";
		};
		EF504409151EBC9F008A1BCD /* musashino */ = {
			isa = PBXGroup;
			children = (
				EF504412151EBCA0008A1BCD /* AppDelegate.h */,
				EF504413151EBCA0008A1BCD /* AppDelegate.m */,
				EF504415151EBCA0008A1BCD /* MainStoryboard.storyboard */,
				EF504418151EBCA0008A1BCD /* FirstViewController.h */,
				EF504419151EBCA0008A1BCD /* FirstViewController.m */,
				EFEE757B151ED69C0003CBF8 /* first.html */,
				EF50441F151EBCA0008A1BCD /* SecondViewController.h */,
				EF504420151EBCA0008A1BCD /* SecondViewController.m */,
				EFEE757D151ED7190003CBF8 /* second.html */,
				EFEE756D151ED07C0003CBF8 /* ThirdViewController.h */,
				EFEE756E151ED07C0003CBF8 /* ThirdViewController.m */,
				EFEE757F151ED7580003CBF8 /* third.html */,
				EFEE7571151ED09F0003CBF8 /* FourthViewController.h */,
				EFEE7572151ED09F0003CBF8 /* FourthViewController.m */,
				EFEE7574151ED0AF0003CBF8 /* FifthViewController.h */,
				EFEE7575151ED0AF0003CBF8 /* FifthViewController.m */,
				EF2DC3E81521E2860090B57E /* fifth.html */,
				EF50441B151EBCA0008A1BCD /* first.png */,
				EF50441D151EBCA0008A1BCD /* first@2x.png */,
				EF504422151EBCA0008A1BCD /* second.png */,
				EF504424151EBCA0008A1BCD /* second@2x.png */,
				EF50440A151EBC9F008A1BCD /* Supporting Files */,
			);
			path = musashino;
			sourceTree = "<group>";
		};
		EF50440A151EBC9F008A1BCD /* Supporting Files */ = {
			isa = PBXGroup;
			children = (
				EF50440B151EBC9F008A1BCD /* musashino-Info.plist */,
				EF50440C151EBC9F008A1BCD /* InfoPlist.strings */,
				EF50440F151EBCA0008A1BCD /* main.m */,
				EF504411151EBCA0008A1BCD /* musashino-Prefix.pch */,
			);
			name = "Supporting Files";
			sourceTree = "<group>";
		};
/* End PBXGroup section */

/* Begin PBXNativeTarget section */
		EF5043FE151EBC9F008A1BCD /* musashino */ = {
			isa = PBXNativeTarget;
			buildConfigurationList = EF504428151EBCA0008A1BCD /* Build configuration list for PBXNativeTarget "musashino" */;
			buildPhases = (
				EF5043FB151EBC9F008A1BCD /* Sources */,
				EF5043FC151EBC9F008A1BCD /* Frameworks */,
				EF5043FD151EBC9F008A1BCD /* Resources */,
			);
			buildRules = (
			);
			dependencies = (
			);
			name = musashino;
			productName = musashino;
			productReference = EF5043FF151EBC9F008A1BCD /* musashino.app */;
			productType = "com.apple.product-type.application";
		};
/* End PBXNativeTarget section */

/* Begin PBXProject section */
		EF5043F6151EBC9F008A1BCD /* Project object */ = {
			isa = PBXProject;
			attributes = {
				LastUpgradeCheck = 0430;
			};
			buildConfigurationList = EF5043F9151EBC9F008A1BCD /* Build configuration list for PBXProject "musashino" */;
			compatibilityVersion = "Xcode 3.2";
			developmentRegion = English;
			hasScannedForEncodings = 0;
			knownRegions = (
				en,
			);
			mainGroup = EF5043F4151EBC9F008A1BCD;
			productRefGroup = EF504400151EBC9F008A1BCD /* Products */;
			projectDirPath = "";
			projectRoot = "";
			targets = (
				EF5043FE151EBC9F008A1BCD /* musashino */,
			);
		};
/* End PBXProject section */

/* Begin PBXResourcesBuildPhase section */
		EF5043FD151EBC9F008A1BCD /* Resources */ = {
			isa = PBXResourcesBuildPhase;
			buildActionMask = 2147483647;
			files = (
				EF50440E151EBC9F008A1BCD /* InfoPlist.strings in Resources */,
				EF504417151EBCA0008A1BCD /* MainStoryboard.storyboard in Resources */,
				EF50441C151EBCA0008A1BCD /* first.png in Resources */,
				EF50441E151EBCA0008A1BCD /* first@2x.png in Resources */,
				EF504423151EBCA0008A1BCD /* second.png in Resources */,
				EF504425151EBCA0008A1BCD /* second@2x.png in Resources */,
				EFEE757C151ED69C0003CBF8 /* first.html in Resources */,
				EFEE757E151ED7190003CBF8 /* second.html in Resources */,
				EFEE7580151ED7580003CBF8 /* third.html in Resources */,
				EF2DC3E91521E2860090B57E /* fifth.html in Resources */,
			);
			runOnlyForDeploymentPostprocessing = 0;
		};
/* End PBXResourcesBuildPhase section */

/* Begin PBXSourcesBuildPhase section */
		EF5043FB151EBC9F008A1BCD /* Sources */ = {
			isa = PBXSourcesBuildPhase;
			buildActionMask = 2147483647;
			files = (
				EF504410151EBCA0008A1BCD /* main.m in Sources */,
				EF504414151EBCA0008A1BCD /* AppDelegate.m in Sources */,
				EF50441A151EBCA0008A1BCD /* FirstViewController.m in Sources */,
				EF504421151EBCA0008A1BCD /* SecondViewController.m in Sources */,
				EFEE756F151ED07C0003CBF8 /* ThirdViewController.m in Sources */,
				EFEE7573151ED09F0003CBF8 /* FourthViewController.m in Sources */,
				EFEE7576151ED0AF0003CBF8 /* FifthViewController.m in Sources */,
			);
			runOnlyForDeploymentPostprocessing = 0;
		};
/* End PBXSourcesBuildPhase section */

/* Begin PBXVariantGroup section */
		EF50440C151EBC9F008A1BCD /* InfoPlist.strings */ = {
			isa = PBXVariantGroup;
			children = (
				EF50440D151EBC9F008A1BCD /* en */,
			);
			name = InfoPlist.strings;
			sourceTree = "<group>";
		};
		EF504415151EBCA0008A1BCD /* MainStoryboard.storyboard */ = {
			isa = PBXVariantGroup;
			children = (
				EF504416151EBCA0008A1BCD /* en */,
			);
			name = MainStoryboard.storyboard;
			sourceTree = "<group>";
		};
/* End PBXVariantGroup section */

/* Begin XCBuildConfiguration section */
		EF504426151EBCA0008A1BCD /* Debug */ = {
			isa = XCBuildConfiguration;
			buildSettings = {
				ALWAYS_SEARCH_USER_PATHS = NO;
				ARCHS = "$(ARCHS_STANDARD_32_BIT)";
				"CODE_SIGN_IDENTITY[sdk=iphoneos*]" = "iPhone Developer";
				COPY_PHASE_STRIP = NO;
				GCC_C_LANGUAGE_STANDARD = gnu99;
				GCC_DYNAMIC_NO_PIC = NO;
				GCC_OPTIMIZATION_LEVEL = 0;
				GCC_PREPROCESSOR_DEFINITIONS = (
					"DEBUG=1",
					"$(inherited)",
				);
				GCC_SYMBOLS_PRIVATE_EXTERN = NO;
				GCC_VERSION = com.apple.compilers.llvm.clang.1_0;
				GCC_WARN_ABOUT_RETURN_TYPE = YES;
				GCC_WARN_UNINITIALIZED_AUTOS = YES;
				GCC_WARN_UNUSED_VARIABLE = YES;
				IPHONEOS_DEPLOYMENT_TARGET = 5.1;
				SDKROOT = iphoneos;
			};
			name = Debug;
		};
		EF504427151EBCA0008A1BCD /* Release */ = {
			isa = XCBuildConfiguration;
			buildSettings = {
				ALWAYS_SEARCH_USER_PATHS = NO;
				ARCHS = "$(ARCHS_STANDARD_32_BIT)";
				"CODE_SIGN_IDENTITY[sdk=iphoneos*]" = "iPhone Developer";
				COPY_PHASE_STRIP = YES;
				GCC_C_LANGUAGE_STANDARD = gnu99;
				GCC_VERSION = com.apple.compilers.llvm.clang.1_0;
				GCC_WARN_ABOUT_RETURN_TYPE = YES;
				GCC_WARN_UNINITIALIZED_AUTOS = YES;
				GCC_WARN_UNUSED_VARIABLE = YES;
				IPHONEOS_DEPLOYMENT_TARGET = 5.1;
				OTHER_CFLAGS = "-DNS_BLOCK_ASSERTIONS=1";
				SDKROOT = iphoneos;
				VALIDATE_PRODUCT = YES;
			};
			name = Release;
		};
		EF504429151EBCA0008A1BCD /* Debug */ = {
			isa = XCBuildConfiguration;
			buildSettings = {
				GCC_PRECOMPILE_PREFIX_HEADER = YES;
				GCC_PREFIX_HEADER = "musashino/musashino-Prefix.pch";
				INFOPLIST_FILE = "musashino/musashino-Info.plist";
				PRODUCT_NAME = "$(TARGET_NAME)";
				WRAPPER_EXTENSION = app;
			};
			name = Debug;
		};
		EF50442A151EBCA0008A1BCD /* Release */ = {
			isa = XCBuildConfiguration;
			buildSettings = {
				GCC_PRECOMPILE_PREFIX_HEADER = YES;
				GCC_PREFIX_HEADER = "musashino/musashino-Prefix.pch";
				INFOPLIST_FILE = "musashino/musashino-Info.plist";
				PRODUCT_NAME = "$(TARGET_NAME)";
				WRAPPER_EXTENSION = app;
			};
			name = Release;
		};
/* End XCBuildConfiguration section */

/* Begin XCConfigurationList section */
		EF5043F9151EBC9F008A1BCD /* Build configuration list for PBXProject "musashino" */ = {
			isa = XCConfigurationList;
			buildConfigurations = (
				EF504426151EBCA0008A1BCD /* Debug */,
				EF504427151EBCA0008A1BCD /* Release */,
			);
			defaultConfigurationIsVisible = 0;
			defaultConfigurationName = Release;
		};
		EF504428151EBCA0008A1BCD /* Build configuration list for PBXNativeTarget "musashino" */ = {
			isa = XCConfigurationList;
			buildConfigurations = (
				EF504429151EBCA0008A1BCD /* Debug */,
				EF50442A151EBCA0008A1BCD /* Release */,
			);
			defaultConfigurationIsVisible = 0;
			defaultConfigurationName = Release;
		};
/* End XCConfigurationList section */
	};
	rootObject = EF5043F6151EBC9F008A1BCD /* Project object */;
}
